// !$*UTF8*$!
{
	archiveVersion = 1;
	classes = {
	};
	objectVersion = 46;
	objects = {

/* Begin PBXBuildFile section */
		A6E90FE21E10D79900F1115E /* AppDelegate.swift in Sources */ = {isa = PBXBuildFile; fileRef = A6E90FE11E10D79900F1115E /* AppDelegate.swift */; };
		A6E90FE41E10D79900F1115E /* ViewController.swift in Sources */ = {isa = PBXBuildFile; fileRef = A6E90FE31E10D79900F1115E /* ViewController.swift */; };
		A6E90FE71E10D79900F1115E /* Main.storyboard in Resources */ = {isa = PBXBuildFile; fileRef = A6E90FE51E10D79900F1115E /* Main.storyboard */; };
		A6E90FE91E10D79900F1115E /* Assets.xcassets in Resources */ = {isa = PBXBuildFile; fileRef = A6E90FE81E10D79900F1115E /* Assets.xcassets */; };
		A6E90FEC1E10D79900F1115E /* LaunchScreen.storyboard in Resources */ = {isa = PBXBuildFile; fileRef = A6E90FEA1E10D79900F1115E /* LaunchScreen.storyboard */; };
/* End PBXBuildFile section */

/* Begin PBXFileReference section */
		A6E90FDE1E10D79900F1115E /* HoiDap.app */ = {isa = PBXFileReference; explicitFileType = wrapper.application; includeInIndex = 0; path = HoiDap.app; sourceTree = BUILT_PRODUCTS_DIR; };
		A6E90FE11E10D79900F1115E /* AppDelegate.swift */ = {isa = PBXFileReference; lastKnownFileType = sourcecode.swift; path = AppDelegate.swift; sourceTree = "<group>"; };
		A6E90FE31E10D79900F1115E /* ViewController.swift */ = {isa = PBXFileReference; lastKnownFileType = sourcecode.swift; path = ViewController.swift; sourceTree = "<group>"; };
		A6E90FE61E10D79900F1115E /* Base */ = {isa = PBXFileReference; lastKnownFileType = file.storyboard; name = Base; path = Base.lproj/Main.storyboard; sourceTree = "<group>"; };
		A6E90FE81E10D79900F1115E /* Assets.xcassets */ = {isa = PBXFileReference; lastKnownFileType = folder.assetcatalog; path = Assets.xcassets; sourceTree = "<group>"; };
		A6E90FEB1E10D79900F1115E /* Base */ = {isa = PBXFileReference; lastKnownFileType = file.storyboard; name = Base; path = Base.lproj/LaunchScreen.storyboard; sourceTree = "<group>"; };
		A6E90FED1E10D79900F1115E /* Info.plist */ = {isa = PBXFileReference; lastKnownFileType = text.plist.xml; path = Info.plist; sourceTree = "<group>"; };
/* End PBXFileReference section */

/* Begin PBXFrameworksBuildPhase section */
		A6E90FDB1E10D79900F1115E /* Frameworks */ = {
			isa = PBXFrameworksBuildPhase;
			buildActionMask = 2147483647;
			files = (
			);
			runOnlyForDeploymentPostprocessing = 0;
		};
/* End PBXFrameworksBuildPhase section */

/* Begin PBXGroup section */
		A6E90FD51E10D79900F1115E = {
			isa = PBXGroup;
			children = (
				A6E90FE01E10D79900F1115E /* HoiDap */,
				A6E90FDF1E10D79900F1115E /* Products */,
			);
			sourceTree = "<group>";
		};
		A6E90FDF1E10D79900F1115E /* Products */ = {
			isa = PBXGroup;
			children = (
				A6E90FDE1E10D79900F1115E /* HoiDap.app */,
			);
			name = Products;
			sourceTree = "<group>";
		};
		A6E90FE01E10D79900F1115E /* HoiDap */ = {
			isa = PBXGroup;
			children = (
				A6E90FE11E10D79900F1115E /* AppDelegate.swift */,
				A6E90FE31E10D79900F1115E /* ViewController.swift */,
				A6E90FE51E10D79900F1115E /* Main.storyboard */,
				A6E90FE81E10D79900F1115E /* Assets.xcassets */,
				A6E90FEA1E10D79900F1115E /* LaunchScreen.storyboard */,
				A6E90FED1E10D79900F1115E /* Info.plist */,
			);
			path = HoiDap;
			sourceTree = "<group>";
		};
/* End PBXGroup section */

/* Begin PBXNativeTarget section */
		A6E90FDD1E10D79900F1115E /* HoiDap */ = {
			isa = PBXNativeTarget;
			buildConfigurationList = A6E90FF01E10D79900F1115E /* Build configuration list for PBXNativeTarget "HoiDap" */;
			buildPhases = (
				A6E90FDA1E10D79900F1115E /* Sources */,
				A6E90FDB1E10D79900F1115E /* Frameworks */,
				A6E90FDC1E10D79900F1115E /* Resources */,
			);
			buildRules = (
			);
			dependencies = (
			);
			name = HoiDap;
			productName = HoiDap;
			productReference = A6E90FDE1E10D79900F1115E /* HoiDap.app */;
			productType = "com.apple.product-type.application";
		};
/* End PBXNativeTarget section */

/* Begin PBXProject section */
		A6E90FD61E10D79900F1115E /* Project object */ = {
			isa = PBXProject;
			attributes = {
				LastSwiftUpdateCheck = 0820;
				LastUpgradeCheck = 0820;
				ORGANIZATIONNAME = ISORA;
				TargetAttributes = {
					A6E90FDD1E10D79900F1115E = {
						CreatedOnToolsVersion = 8.2;
						ProvisioningStyle = Automatic;
					};
				};
			};
			buildConfigurationList = A6E90FD91E10D79900F1115E /* Build configuration list for PBXProject "HoiDap" */;
			compatibilityVersion = "Xcode 3.2";
			developmentRegion = English;
			hasScannedForEncodings = 0;
			knownRegions = (
				en,
				Base,
			);
			mainGroup = A6E90FD51E10D79900F1115E;
			productRefGroup = A6E90FDF1E10D79900F1115E /* Products */;
			projectDirPath = "";
			projectRoot = "";
			targets = (
				A6E90FDD1E10D79900F1115E /* HoiDap */,
			);
		};
/* End PBXProject section */

/* Begin PBXResourcesBuildPhase section */
		A6E90FDC1E10D79900F1115E /* Resources */ = {
			isa = PBXResourcesBuildPhase;
			buildActionMask = 2147483647;
			files = (
				A6E90FEC1E10D79900F1115E /* LaunchScreen.storyboard in Resources */,
				A6E90FE91E10D79900F1115E /* Assets.xcassets in Resources */,
				A6E90FE71E10D79900F1115E /* Main.storyboard in Resources */,
			);
			runOnlyForDeploymentPostprocessing = 0;
		};
/* End PBXResourcesBuildPhase section */

/* Begin PBXSourcesBuildPhase section */
		A6E90FDA1E10D79900F1115E /* Sources */ = {
			isa = PBXSourcesBuildPhase;
			buildActionMask = 2147483647;
			files = (
				A6E90FE41E10D79900F1115E /* ViewController.swift in Sources */,
				A6E90FE21E10D79900F1115E /* AppDelegate.swift in Sources */,
			);
			runOnlyForDeploymentPostprocessing = 0;
		};
/* End PBXSourcesBuildPhase section */

/* Begin PBXVariantGroup section */
		A6E90FE51E10D79900F1115E /* Main.storyboard */ = {
			isa = PBXVariantGroup;
			children = (
				A6E90FE61E10D79900F1115E /* Base */,
			);
			name = Main.storyboard;
			sourceTree = "<group>";
		};
		A6E90FEA1E10D79900F1115E /* LaunchScreen.storyboard */ = {
			isa = PBXVariantGroup;
			children = (
				A6E90FEB1E10D79900F1115E /* Base */,
			);
			name = LaunchScreen.storyboard;
			sourceTree = "<group>";
		};
/* End PBXVariantGroup section */

/* Begin XCBuildConfiguration section */
		A6E90FEE1E10D79900F1115E /* Debug */ = {
			isa = XCBuildConfiguration;
			buildSettings = {
				ALWAYS_SEARCH_USER_PATHS = NO;
				CLANG_ANALYZER_NONNULL = YES;
				CLANG_CXX_LANGUAGE_STANDARD = "gnu++0x";
				CLANG_CXX_LIBRARY = "libc++";
				CLANG_ENABLE_MODULES = YES;
				CLANG_ENABLE_OBJC_ARC = YES;
				CLANG_WARN_BOOL_CONVERSION = YES;
				CLANG_WARN_CONSTANT_CONVERSION = YES;
				CLANG_WARN_DIRECT_OBJC_ISA_USAGE = YES_ERROR;
				CLANG_WARN_DOCUMENTATION_COMMENTS = YES;
				CLANG_WARN_EMPTY_BODY = YES;
				CLANG_WARN_ENUM_CONVERSION = YES;
				CLANG_WARN_INFINITE_RECURSION = YES;
				CLANG_WARN_INT_CONVERSION = YES;
				CLANG_WARN_OBJC_ROOT_CLASS = YES_ERROR;
				CLANG_WARN_SUSPICIOUS_MOVE = YES;
				CLANG_WARN_UNREACHABLE_CODE = YES;
				CLANG_WARN__DUPLICATE_METHOD_MATCH = YES;
				"CODE_SIGN_IDENTITY[sdk=iphoneos*]" = "iPhone Developer";
				COPY_PHASE_STRIP = NO;
				DEBUG_INFORMATION_FORMAT = dwarf;
				ENABLE_STRICT_OBJC_MSGSEND = YES;
				ENABLE_TESTABILITY = YES;
				GCC_C_LANGUAGE_STANDARD = gnu99;
				GCC_DYNAMIC_NO_PIC = NO;
				GCC_NO_COMMON_BLOCKS = YES;
				GCC_OPTIMIZATION_LEVEL = 0;
				GCC_PREPROCESSOR_DEFINITIONS = (
					"DEBUG=1",
					"$(inherited)",
				);
				GCC_WARN_64_TO_32_BIT_CONVERSION = YES;
				GCC_WARN_ABOUT_RETURN_TYPE = YES_ERROR;
				GCC_WARN_UNDECLARED_SELECTOR = YES;
				GCC_WARN_UNINITIALIZED_AUTOS = YES_AGGRESSIVE;
				GCC_WARN_UNUSED_FUNCTION = YES;
				GCC_WARN_UNUSED_VARIABLE = YES;
				IPHONEOS_DEPLOYMENT_TARGET = 10.2;
				MTL_ENABLE_DEBUG_INFO = YES;
				ONLY_ACTIVE_ARCH = YES;
				SDKROOT = iphoneos;
				SWIFT_ACTIVE_COMPILATION_CONDITIONS = DEBUG;
				SWIFT_OPTIMIZATION_LEVEL = "-Onone";
			};
			name = Debug;
		};
		A6E90FEF1E10D79900F1115E /* Release */ = {
			isa = XCBuildConfiguration;
			buildSettings = {
				ALWAYS_SEARCH_USER_PATHS = NO;
				CLANG_ANALYZER_NONNULL = YES;
				CLANG_CXX_LANGUAGE_STANDARD = "gnu++0x";
				CLANG_CXX_LIBRARY = "libc++";
				CLANG_ENABLE_MODULES = YES;
				CLANG_ENABLE_OBJC_ARC = YES;
				CLANG_WARN_BOOL_CONVERSION = YES;
				CLANG_WARN_CONSTANT_CONVERSION = YES;
				CLANG_WARN_DIRECT_OBJC_ISA_USAGE = YES_ERROR;
				CLANG_WARN_DOCUMENTATION_COMMENTS = YES;
				CLANG_WARN_EMPTY_BODY = YES;
				CLANG_WARN_ENUM_CONVERSION = YES;
				CLANG_WARN_INFINITE_RECURSION = YES;
				CLANG_WARN_INT_CONVERSION = YES;
				CLANG_WARN_OBJC_ROOT_CLASS = YES_ERROR;
				CLANG_WARN_SUSPICIOUS_MOVE = YES;
				CLANG_WARN_UNREACHABLE_CODE = YES;
				CLANG_WARN__DUPLICATE_METHOD_MATCH = YES;
				"CODE_SIGN_IDENTITY[sdk=iphoneos*]" = "iPhone Developer";
				COPY_PHASE_STRIP = NO;
				DEBUG_INFORMATION_FORMAT = "dwarf-with-dsym";
				ENABLE_NS_ASSERTIONS = NO;
				ENABLE_STRICT_OBJC_MSGSEND = YES;
				GCC_C_LANGUAGE_STANDARD = gnu99;
				GCC_NO_COMMON_BLOCKS = YES;
				GCC_WARN_64_TO_32_BIT_CONVERSION = YES;
				GCC_WARN_ABOUT_RETURN_TYPE = YES_ERROR;
				GCC_WARN_UNDECLARED_SELECTOR = YES;
				GCC_WARN_UNINITIALIZED_AUTOS = YES_AGGRESSIVE;
				GCC_WARN_UNUSED_FUNCTION = YES;
				GCC_WARN_UNUSED_VARIABLE = YES;
				IPHONEOS_DEPLOYMENT_TARGET = 10.2;
				MTL_ENABLE_DEBUG_INFO = NO;
				SDKROOT = iphoneos;
				SWIFT_OPTIMIZATION_LEVEL = "-Owholemodule";
				VALIDATE_PRODUCT = YES;
			};
			name = Release;
		};
		A6E90FF11E10D79900F1115E /* Debug */ = {
			isa = XCBuildConfiguration;
			buildSettings = {
				ASSETCATALOG_COMPILER_APPICON_NAME = AppIcon;
				INFOPLIST_FILE = HoiDap/Info.plist;
				LD_RUNPATH_SEARCH_PATHS = "$(inherited) @executable_path/Frameworks";
				PRODUCT_BUNDLE_IDENTIFIER = com.isorasoft.HoiDap;
				PRODUCT_NAME = "$(TARGET_NAME)";
				SWIFT_VERSION = 3.0;
			};
			name = Debug;
		};
		A6E90FF21E10D79900F1115E /* Release */ = {
			isa = XCBuildConfiguration;
			buildSettings = {
				ASSETCATALOG_COMPILER_APPICON_NAME = AppIcon;
				INFOPLIST_FILE = HoiDap/Info.plist;
				LD_RUNPATH_SEARCH_PATHS = "$(inherited) @executable_path/Frameworks";
				PRODUCT_BUNDLE_IDENTIFIER = com.isorasoft.HoiDap;
				PRODUCT_NAME = "$(TARGET_NAME)";
				SWIFT_VERSION = 3.0;
			};
			name = Release;
		};
/* End XCBuildConfiguration section */

/* Begin XCConfigurationList section */
		A6E90FD91E10D79900F1115E /* Build configuration list for PBXProject "HoiDap" */ = {
			isa = XCConfigurationList;
			buildConfigurations = (
				A6E90FEE1E10D79900F1115E /* Debug */,
				A6E90FEF1E10D79900F1115E /* Release */,
			);
			defaultConfigurationIsVisible = 0;
			defaultConfigurationName = Release;
		};
		A6E90FF01E10D79900F1115E /* Build configuration list for PBXNativeTarget "HoiDap" */ = {
			isa = XCConfigurationList;
			buildConfigurations = (
				A6E90FF11E10D79900F1115E /* Debug */,
				A6E90FF21E10D79900F1115E /* Release */,
			);
			defaultConfigurationIsVisible = 0;
		};
/* End XCConfigurationList section */
	};
	rootObject = A6E90FD61E10D79900F1115E /* Project object */;
}
