// !$*UTF8*$!
{
	archiveVersion = 1;
	classes = {
	};
	objectVersion = 46;
	objects = {

/* Begin PBXBuildFile section */
		792444BAFCB405C2DBAC9872 /* Pods_CDYT_HoiDap.framework in Frameworks */ = {isa = PBXBuildFile; fileRef = 4D86E9DE2E99A1F3DDE9BCDD /* Pods_CDYT_HoiDap.framework */; };
		8B3A12DF1E10F399005DBC6E /* AppDelegate.swift in Sources */ = {isa = PBXBuildFile; fileRef = 8B3A12DE1E10F399005DBC6E /* AppDelegate.swift */; };
		8B3A12E11E10F399005DBC6E /* ViewController.swift in Sources */ = {isa = PBXBuildFile; fileRef = 8B3A12E01E10F399005DBC6E /* ViewController.swift */; };
		8B3A12E41E10F399005DBC6E /* Main.storyboard in Resources */ = {isa = PBXBuildFile; fileRef = 8B3A12E21E10F399005DBC6E /* Main.storyboard */; };
		8B3A12E61E10F399005DBC6E /* Assets.xcassets in Resources */ = {isa = PBXBuildFile; fileRef = 8B3A12E51E10F399005DBC6E /* Assets.xcassets */; };
		8B3A12E91E10F399005DBC6E /* LaunchScreen.storyboard in Resources */ = {isa = PBXBuildFile; fileRef = 8B3A12E71E10F399005DBC6E /* LaunchScreen.storyboard */; };
		8B3A13411E10F454005DBC6E /* AvaDefaut.png in Resources */ = {isa = PBXBuildFile; fileRef = 8B3A12F11E10F454005DBC6E /* AvaDefaut.png */; };
		8B3A13421E10F454005DBC6E /* AvaDefaut@2x.png in Resources */ = {isa = PBXBuildFile; fileRef = 8B3A12F21E10F454005DBC6E /* AvaDefaut@2x.png */; };
		8B3A13431E10F454005DBC6E /* AvaDefaut@3x.png in Resources */ = {isa = PBXBuildFile; fileRef = 8B3A12F31E10F454005DBC6E /* AvaDefaut@3x.png */; };
		8B3A13441E10F454005DBC6E /* Back.png in Resources */ = {isa = PBXBuildFile; fileRef = 8B3A12F41E10F454005DBC6E /* Back.png */; };
		8B3A13451E10F454005DBC6E /* Back@2x.png in Resources */ = {isa = PBXBuildFile; fileRef = 8B3A12F51E10F454005DBC6E /* Back@2x.png */; };
		8B3A13461E10F454005DBC6E /* Back@3x.png in Resources */ = {isa = PBXBuildFile; fileRef = 8B3A12F61E10F454005DBC6E /* Back@3x.png */; };
		8B3A13471E10F454005DBC6E /* caidat_button0.png in Resources */ = {isa = PBXBuildFile; fileRef = 8B3A12F71E10F454005DBC6E /* caidat_button0.png */; };
		8B3A13481E10F454005DBC6E /* caidat_button0@2x.png in Resources */ = {isa = PBXBuildFile; fileRef = 8B3A12F81E10F454005DBC6E /* caidat_button0@2x.png */; };
		8B3A13491E10F454005DBC6E /* caidat_button0@3x.png in Resources */ = {isa = PBXBuildFile; fileRef = 8B3A12F91E10F454005DBC6E /* caidat_button0@3x.png */; };
		8B3A134A1E10F454005DBC6E /* copyright.png in Resources */ = {isa = PBXBuildFile; fileRef = 8B3A12FA1E10F454005DBC6E /* copyright.png */; };
		8B3A134B1E10F454005DBC6E /* copyright@2x.png in Resources */ = {isa = PBXBuildFile; fileRef = 8B3A12FB1E10F454005DBC6E /* copyright@2x.png */; };
		8B3A134C1E10F454005DBC6E /* copyright@3x.png in Resources */ = {isa = PBXBuildFile; fileRef = 8B3A12FC1E10F454005DBC6E /* copyright@3x.png */; };
		8B3A134D1E10F454005DBC6E /* DaHoi_Button0.png in Resources */ = {isa = PBXBuildFile; fileRef = 8B3A12FD1E10F454005DBC6E /* DaHoi_Button0.png */; };
		8B3A134E1E10F454005DBC6E /* DaHoi_Button0@2x.png in Resources */ = {isa = PBXBuildFile; fileRef = 8B3A12FE1E10F454005DBC6E /* DaHoi_Button0@2x.png */; };
		8B3A134F1E10F454005DBC6E /* DaHoi_Button0@3x.png in Resources */ = {isa = PBXBuildFile; fileRef = 8B3A12FF1E10F454005DBC6E /* DaHoi_Button0@3x.png */; };
		8B3A13501E10F454005DBC6E /* Green_Mark.png in Resources */ = {isa = PBXBuildFile; fileRef = 8B3A13001E10F454005DBC6E /* Green_Mark.png */; };
		8B3A13511E10F454005DBC6E /* Green_Mark@2x.png in Resources */ = {isa = PBXBuildFile; fileRef = 8B3A13011E10F454005DBC6E /* Green_Mark@2x.png */; };
		8B3A13521E10F454005DBC6E /* Green_Mark@3x.png in Resources */ = {isa = PBXBuildFile; fileRef = 8B3A13021E10F454005DBC6E /* Green_Mark@3x.png */; };
		8B3A13531E10F454005DBC6E /* Grey_mark.png in Resources */ = {isa = PBXBuildFile; fileRef = 8B3A13031E10F454005DBC6E /* Grey_mark.png */; };
		8B3A13541E10F454005DBC6E /* Grey_mark@2x.png in Resources */ = {isa = PBXBuildFile; fileRef = 8B3A13041E10F454005DBC6E /* Grey_mark@2x.png */; };
		8B3A13551E10F454005DBC6E /* Grey_mark@3x.png in Resources */ = {isa = PBXBuildFile; fileRef = 8B3A13051E10F454005DBC6E /* Grey_mark@3x.png */; };
		8B3A13561E10F454005DBC6E /* Like0.png in Resources */ = {isa = PBXBuildFile; fileRef = 8B3A13061E10F454005DBC6E /* Like0.png */; };
		8B3A13571E10F454005DBC6E /* Like0@2x.png in Resources */ = {isa = PBXBuildFile; fileRef = 8B3A13071E10F454005DBC6E /* Like0@2x.png */; };
		8B3A13581E10F454005DBC6E /* Like0@3x.png in Resources */ = {isa = PBXBuildFile; fileRef = 8B3A13081E10F454005DBC6E /* Like0@3x.png */; };
		8B3A13591E10F454005DBC6E /* Like1.png in Resources */ = {isa = PBXBuildFile; fileRef = 8B3A13091E10F454005DBC6E /* Like1.png */; };
		8B3A135A1E10F454005DBC6E /* Like1@2x.png in Resources */ = {isa = PBXBuildFile; fileRef = 8B3A130A1E10F454005DBC6E /* Like1@2x.png */; };
		8B3A135B1E10F454005DBC6E /* Like1@3x.png in Resources */ = {isa = PBXBuildFile; fileRef = 8B3A130B1E10F454005DBC6E /* Like1@3x.png */; };
		8B3A135C1E10F454005DBC6E /* photo-camera.png in Resources */ = {isa = PBXBuildFile; fileRef = 8B3A130C1E10F454005DBC6E /* photo-camera.png */; };
		8B3A135D1E10F454005DBC6E /* photo-camera@2x.png in Resources */ = {isa = PBXBuildFile; fileRef = 8B3A130D1E10F454005DBC6E /* photo-camera@2x.png */; };
		8B3A135E1E10F454005DBC6E /* photo-camera@3x.png in Resources */ = {isa = PBXBuildFile; fileRef = 8B3A130E1E10F454005DBC6E /* photo-camera@3x.png */; };
		8B3A135F1E10F454005DBC6E /* Splash.png in Resources */ = {isa = PBXBuildFile; fileRef = 8B3A130F1E10F454005DBC6E /* Splash.png */; };
		8B3A13601E10F454005DBC6E /* Splash@2x.png in Resources */ = {isa = PBXBuildFile; fileRef = 8B3A13101E10F454005DBC6E /* Splash@2x.png */; };
		8B3A13611E10F454005DBC6E /* Splash@3x.png in Resources */ = {isa = PBXBuildFile; fileRef = 8B3A13111E10F454005DBC6E /* Splash@3x.png */; };
		8B3A13621E10F454005DBC6E /* star1.png in Resources */ = {isa = PBXBuildFile; fileRef = 8B3A13121E10F454005DBC6E /* star1.png */; };
		8B3A13631E10F454005DBC6E /* star1@2x.png in Resources */ = {isa = PBXBuildFile; fileRef = 8B3A13131E10F454005DBC6E /* star1@2x.png */; };
		8B3A13641E10F454005DBC6E /* star1@3x.png in Resources */ = {isa = PBXBuildFile; fileRef = 8B3A13141E10F454005DBC6E /* star1@3x.png */; };
		8B3A13651E10F454005DBC6E /* tag_mark.png in Resources */ = {isa = PBXBuildFile; fileRef = 8B3A13151E10F454005DBC6E /* tag_mark.png */; };
		8B3A13661E10F454005DBC6E /* tag_mark@2x.png in Resources */ = {isa = PBXBuildFile; fileRef = 8B3A13161E10F454005DBC6E /* tag_mark@2x.png */; };
		8B3A13671E10F454005DBC6E /* tag_mark@3x.png in Resources */ = {isa = PBXBuildFile; fileRef = 8B3A13171E10F454005DBC6E /* tag_mark@3x.png */; };
		8B3A13681E10F454005DBC6E /* Tinnhan_button01 Copy.png in Resources */ = {isa = PBXBuildFile; fileRef = 8B3A13181E10F454005DBC6E /* Tinnhan_button01 Copy.png */; };
		8B3A13691E10F454005DBC6E /* Tinnhan_button01 Copy@2x.png in Resources */ = {isa = PBXBuildFile; fileRef = 8B3A13191E10F454005DBC6E /* Tinnhan_button01 Copy@2x.png */; };
		8B3A136A1E10F454005DBC6E /* Tinnhan_button01 Copy@3x.png in Resources */ = {isa = PBXBuildFile; fileRef = 8B3A131A1E10F454005DBC6E /* Tinnhan_button01 Copy@3x.png */; };
		8B3A136B1E10F454005DBC6E /* Tinnhan_button01.png in Resources */ = {isa = PBXBuildFile; fileRef = 8B3A131B1E10F454005DBC6E /* Tinnhan_button01.png */; };
		8B3A136C1E10F454005DBC6E /* Tinnhan_button01@2x.png in Resources */ = {isa = PBXBuildFile; fileRef = 8B3A131C1E10F454005DBC6E /* Tinnhan_button01@2x.png */; };
		8B3A136D1E10F454005DBC6E /* Tinnhan_button01@3x.png in Resources */ = {isa = PBXBuildFile; fileRef = 8B3A131D1E10F454005DBC6E /* Tinnhan_button01@3x.png */; };
		8B3A136E1E10F454005DBC6E /* CAPSPageMenu.swift in Sources */ = {isa = PBXBuildFile; fileRef = 8B3A131F1E10F454005DBC6E /* CAPSPageMenu.swift */; };
		8B3A136F1E10F454005DBC6E /* DatePickerDialog.swift in Sources */ = {isa = PBXBuildFile; fileRef = 8B3A13201E10F454005DBC6E /* DatePickerDialog.swift */; };
		8B3A13701E10F454005DBC6E /* DataEncryption.m in Sources */ = {isa = PBXBuildFile; fileRef = 8B3A13231E10F454005DBC6E /* DataEncryption.m */; };
		8B3A13711E10F454005DBC6E /* NSData+Base64.m in Sources */ = {isa = PBXBuildFile; fileRef = 8B3A13251E10F454005DBC6E /* NSData+Base64.m */; };
		8B3A13721E10F454005DBC6E /* NSString+URLEncode.m in Sources */ = {isa = PBXBuildFile; fileRef = 8B3A13271E10F454005DBC6E /* NSString+URLEncode.m */; };
		8B3A13731E10F454005DBC6E /* TPKeyboardAvoidingCollectionView.m in Sources */ = {isa = PBXBuildFile; fileRef = 8B3A132A1E10F454005DBC6E /* TPKeyboardAvoidingCollectionView.m */; };
		8B3A13741E10F454005DBC6E /* TPKeyboardAvoidingScrollView.m in Sources */ = {isa = PBXBuildFile; fileRef = 8B3A132C1E10F454005DBC6E /* TPKeyboardAvoidingScrollView.m */; };
		8B3A13751E10F454005DBC6E /* TPKeyboardAvoidingTableView.m in Sources */ = {isa = PBXBuildFile; fileRef = 8B3A132E1E10F454005DBC6E /* TPKeyboardAvoidingTableView.m */; };
		8B3A13761E10F454005DBC6E /* UIScrollView+TPKeyboardAvoidingAdditions.m in Sources */ = {isa = PBXBuildFile; fileRef = 8B3A13301E10F454005DBC6E /* UIScrollView+TPKeyboardAvoidingAdditions.m */; };
		8B3A13771E10F454005DBC6E /* RAMBounceAnimation.swift in Sources */ = {isa = PBXBuildFile; fileRef = 8B3A13341E10F454005DBC6E /* RAMBounceAnimation.swift */; };
		8B3A13781E10F454005DBC6E /* RAMFrameItemAnimation.swift in Sources */ = {isa = PBXBuildFile; fileRef = 8B3A13361E10F454005DBC6E /* RAMFrameItemAnimation.swift */; };
		8B3A13791E10F454005DBC6E /* RAMFumeAnimation.swift in Sources */ = {isa = PBXBuildFile; fileRef = 8B3A13381E10F454005DBC6E /* RAMFumeAnimation.swift */; };
		8B3A137A1E10F454005DBC6E /* RAMRotationAnimation.swift in Sources */ = {isa = PBXBuildFile; fileRef = 8B3A133A1E10F454005DBC6E /* RAMRotationAnimation.swift */; };
		8B3A137B1E10F454005DBC6E /* RAMTransitionItemAnimations.swift in Sources */ = {isa = PBXBuildFile; fileRef = 8B3A133C1E10F454005DBC6E /* RAMTransitionItemAnimations.swift */; };
		8B3A137C1E10F454005DBC6E /* RAMAnimatedTabBarController.swift in Sources */ = {isa = PBXBuildFile; fileRef = 8B3A133D1E10F454005DBC6E /* RAMAnimatedTabBarController.swift */; };
		8B3A137D1E10F454005DBC6E /* RAMBadge.swift in Sources */ = {isa = PBXBuildFile; fileRef = 8B3A133F1E10F454005DBC6E /* RAMBadge.swift */; };
		8B3A137E1E10F454005DBC6E /* RAMItemAnimationProtocol.swift in Sources */ = {isa = PBXBuildFile; fileRef = 8B3A13401E10F454005DBC6E /* RAMItemAnimationProtocol.swift */; };
		8B3A13811E10F46B005DBC6E /* Global.swift in Sources */ = {isa = PBXBuildFile; fileRef = 8B3A13801E10F46B005DBC6E /* Global.swift */; };
		8B3A13831E10F484005DBC6E /* Podfile in Resources */ = {isa = PBXBuildFile; fileRef = 8B3A13821E10F484005DBC6E /* Podfile */; };
		8B3A13861E10FD1B005DBC6E /* TagListViewController.swift in Sources */ = {isa = PBXBuildFile; fileRef = 8B3A13851E10FD1B005DBC6E /* TagListViewController.swift */; };
		8B3A13881E10FD2A005DBC6E /* UserViewController.swift in Sources */ = {isa = PBXBuildFile; fileRef = 8B3A13871E10FD2A005DBC6E /* UserViewController.swift */; };
		8B3A138A1E10FD58005DBC6E /* QuestionViewController.swift in Sources */ = {isa = PBXBuildFile; fileRef = 8B3A13891E10FD58005DBC6E /* QuestionViewController.swift */; };
		A6E4C2F81E1102A500C2C871 /* RegisterViewController.swift in Sources */ = {isa = PBXBuildFile; fileRef = A6E4C2F71E1102A500C2C871 /* RegisterViewController.swift */; };
		A6E4C2FA1E1102BA00C2C871 /* User.storyboard in Resources */ = {isa = PBXBuildFile; fileRef = A6E4C2F91E1102BA00C2C871 /* User.storyboard */; };
		A6E9D88F1E1110CF00E31886 /* LoginViewController.swift in Sources */ = {isa = PBXBuildFile; fileRef = A6E9D88E1E1110CF00E31886 /* LoginViewController.swift */; };
		A6E9D8911E11169600E31886 /* UpdateInfoViewController.swift in Sources */ = {isa = PBXBuildFile; fileRef = A6E9D8901E11169600E31886 /* UpdateInfoViewController.swift */; };
		A6E9D8931E111F3100E31886 /* Until.swift in Sources */ = {isa = PBXBuildFile; fileRef = A6E9D8921E111F3100E31886 /* Until.swift */; };
/* End PBXBuildFile section */

/* Begin PBXFileReference section */
		4D86E9DE2E99A1F3DDE9BCDD /* Pods_CDYT_HoiDap.framework */ = {isa = PBXFileReference; explicitFileType = wrapper.framework; includeInIndex = 0; path = Pods_CDYT_HoiDap.framework; sourceTree = BUILT_PRODUCTS_DIR; };
		54350AF3B96C58CE38450098 /* Pods-CDYT_HoiDap.release.xcconfig */ = {isa = PBXFileReference; includeInIndex = 1; lastKnownFileType = text.xcconfig; name = "Pods-CDYT_HoiDap.release.xcconfig"; path = "Pods/Target Support Files/Pods-CDYT_HoiDap/Pods-CDYT_HoiDap.release.xcconfig"; sourceTree = "<group>"; };
		8B3A12DB1E10F399005DBC6E /* CDYT_HoiDap.app */ = {isa = PBXFileReference; explicitFileType = wrapper.application; includeInIndex = 0; path = CDYT_HoiDap.app; sourceTree = BUILT_PRODUCTS_DIR; };
		8B3A12DE1E10F399005DBC6E /* AppDelegate.swift */ = {isa = PBXFileReference; lastKnownFileType = sourcecode.swift; path = AppDelegate.swift; sourceTree = "<group>"; };
		8B3A12E01E10F399005DBC6E /* ViewController.swift */ = {isa = PBXFileReference; lastKnownFileType = sourcecode.swift; path = ViewController.swift; sourceTree = "<group>"; };
		8B3A12E31E10F399005DBC6E /* Base */ = {isa = PBXFileReference; lastKnownFileType = file.storyboard; name = Base; path = Base.lproj/Main.storyboard; sourceTree = "<group>"; };
		8B3A12E51E10F399005DBC6E /* Assets.xcassets */ = {isa = PBXFileReference; lastKnownFileType = folder.assetcatalog; path = Assets.xcassets; sourceTree = "<group>"; };
		8B3A12E81E10F399005DBC6E /* Base */ = {isa = PBXFileReference; lastKnownFileType = file.storyboard; name = Base; path = Base.lproj/LaunchScreen.storyboard; sourceTree = "<group>"; };
		8B3A12EA1E10F399005DBC6E /* Info.plist */ = {isa = PBXFileReference; lastKnownFileType = text.plist.xml; path = Info.plist; sourceTree = "<group>"; };
		8B3A12F11E10F454005DBC6E /* AvaDefaut.png */ = {isa = PBXFileReference; lastKnownFileType = image.png; path = AvaDefaut.png; sourceTree = "<group>"; };
		8B3A12F21E10F454005DBC6E /* AvaDefaut@2x.png */ = {isa = PBXFileReference; lastKnownFileType = image.png; path = "AvaDefaut@2x.png"; sourceTree = "<group>"; };
		8B3A12F31E10F454005DBC6E /* AvaDefaut@3x.png */ = {isa = PBXFileReference; lastKnownFileType = image.png; path = "AvaDefaut@3x.png"; sourceTree = "<group>"; };
		8B3A12F41E10F454005DBC6E /* Back.png */ = {isa = PBXFileReference; lastKnownFileType = image.png; path = Back.png; sourceTree = "<group>"; };
		8B3A12F51E10F454005DBC6E /* Back@2x.png */ = {isa = PBXFileReference; lastKnownFileType = image.png; path = "Back@2x.png"; sourceTree = "<group>"; };
		8B3A12F61E10F454005DBC6E /* Back@3x.png */ = {isa = PBXFileReference; lastKnownFileType = image.png; path = "Back@3x.png"; sourceTree = "<group>"; };
		8B3A12F71E10F454005DBC6E /* caidat_button0.png */ = {isa = PBXFileReference; lastKnownFileType = image.png; path = caidat_button0.png; sourceTree = "<group>"; };
		8B3A12F81E10F454005DBC6E /* caidat_button0@2x.png */ = {isa = PBXFileReference; lastKnownFileType = image.png; path = "caidat_button0@2x.png"; sourceTree = "<group>"; };
		8B3A12F91E10F454005DBC6E /* caidat_button0@3x.png */ = {isa = PBXFileReference; lastKnownFileType = image.png; path = "caidat_button0@3x.png"; sourceTree = "<group>"; };
		8B3A12FA1E10F454005DBC6E /* copyright.png */ = {isa = PBXFileReference; lastKnownFileType = image.png; path = copyright.png; sourceTree = "<group>"; };
		8B3A12FB1E10F454005DBC6E /* copyright@2x.png */ = {isa = PBXFileReference; lastKnownFileType = image.png; path = "copyright@2x.png"; sourceTree = "<group>"; };
		8B3A12FC1E10F454005DBC6E /* copyright@3x.png */ = {isa = PBXFileReference; lastKnownFileType = image.png; path = "copyright@3x.png"; sourceTree = "<group>"; };
		8B3A12FD1E10F454005DBC6E /* DaHoi_Button0.png */ = {isa = PBXFileReference; lastKnownFileType = image.png; path = DaHoi_Button0.png; sourceTree = "<group>"; };
		8B3A12FE1E10F454005DBC6E /* DaHoi_Button0@2x.png */ = {isa = PBXFileReference; lastKnownFileType = image.png; path = "DaHoi_Button0@2x.png"; sourceTree = "<group>"; };
		8B3A12FF1E10F454005DBC6E /* DaHoi_Button0@3x.png */ = {isa = PBXFileReference; lastKnownFileType = image.png; path = "DaHoi_Button0@3x.png"; sourceTree = "<group>"; };
		8B3A13001E10F454005DBC6E /* Green_Mark.png */ = {isa = PBXFileReference; lastKnownFileType = image.png; path = Green_Mark.png; sourceTree = "<group>"; };
		8B3A13011E10F454005DBC6E /* Green_Mark@2x.png */ = {isa = PBXFileReference; lastKnownFileType = image.png; path = "Green_Mark@2x.png"; sourceTree = "<group>"; };
		8B3A13021E10F454005DBC6E /* Green_Mark@3x.png */ = {isa = PBXFileReference; lastKnownFileType = image.png; path = "Green_Mark@3x.png"; sourceTree = "<group>"; };
		8B3A13031E10F454005DBC6E /* Grey_mark.png */ = {isa = PBXFileReference; lastKnownFileType = image.png; path = Grey_mark.png; sourceTree = "<group>"; };
		8B3A13041E10F454005DBC6E /* Grey_mark@2x.png */ = {isa = PBXFileReference; lastKnownFileType = image.png; path = "Grey_mark@2x.png"; sourceTree = "<group>"; };
		8B3A13051E10F454005DBC6E /* Grey_mark@3x.png */ = {isa = PBXFileReference; lastKnownFileType = image.png; path = "Grey_mark@3x.png"; sourceTree = "<group>"; };
		8B3A13061E10F454005DBC6E /* Like0.png */ = {isa = PBXFileReference; lastKnownFileType = image.png; path = Like0.png; sourceTree = "<group>"; };
		8B3A13071E10F454005DBC6E /* Like0@2x.png */ = {isa = PBXFileReference; lastKnownFileType = image.png; path = "Like0@2x.png"; sourceTree = "<group>"; };
		8B3A13081E10F454005DBC6E /* Like0@3x.png */ = {isa = PBXFileReference; lastKnownFileType = image.png; path = "Like0@3x.png"; sourceTree = "<group>"; };
		8B3A13091E10F454005DBC6E /* Like1.png */ = {isa = PBXFileReference; lastKnownFileType = image.png; path = Like1.png; sourceTree = "<group>"; };
		8B3A130A1E10F454005DBC6E /* Like1@2x.png */ = {isa = PBXFileReference; lastKnownFileType = image.png; path = "Like1@2x.png"; sourceTree = "<group>"; };
		8B3A130B1E10F454005DBC6E /* Like1@3x.png */ = {isa = PBXFileReference; lastKnownFileType = image.png; path = "Like1@3x.png"; sourceTree = "<group>"; };
		8B3A130C1E10F454005DBC6E /* photo-camera.png */ = {isa = PBXFileReference; lastKnownFileType = image.png; path = "photo-camera.png"; sourceTree = "<group>"; };
		8B3A130D1E10F454005DBC6E /* photo-camera@2x.png */ = {isa = PBXFileReference; lastKnownFileType = image.png; path = "photo-camera@2x.png"; sourceTree = "<group>"; };
		8B3A130E1E10F454005DBC6E /* photo-camera@3x.png */ = {isa = PBXFileReference; lastKnownFileType = image.png; path = "photo-camera@3x.png"; sourceTree = "<group>"; };
		8B3A130F1E10F454005DBC6E /* Splash.png */ = {isa = PBXFileReference; lastKnownFileType = image.png; path = Splash.png; sourceTree = "<group>"; };
		8B3A13101E10F454005DBC6E /* Splash@2x.png */ = {isa = PBXFileReference; lastKnownFileType = image.png; path = "Splash@2x.png"; sourceTree = "<group>"; };
		8B3A13111E10F454005DBC6E /* Splash@3x.png */ = {isa = PBXFileReference; lastKnownFileType = image.png; path = "Splash@3x.png"; sourceTree = "<group>"; };
		8B3A13121E10F454005DBC6E /* star1.png */ = {isa = PBXFileReference; lastKnownFileType = image.png; path = star1.png; sourceTree = "<group>"; };
		8B3A13131E10F454005DBC6E /* star1@2x.png */ = {isa = PBXFileReference; lastKnownFileType = image.png; path = "star1@2x.png"; sourceTree = "<group>"; };
		8B3A13141E10F454005DBC6E /* star1@3x.png */ = {isa = PBXFileReference; lastKnownFileType = image.png; path = "star1@3x.png"; sourceTree = "<group>"; };
		8B3A13151E10F454005DBC6E /* tag_mark.png */ = {isa = PBXFileReference; lastKnownFileType = image.png; path = tag_mark.png; sourceTree = "<group>"; };
		8B3A13161E10F454005DBC6E /* tag_mark@2x.png */ = {isa = PBXFileReference; lastKnownFileType = image.png; path = "tag_mark@2x.png"; sourceTree = "<group>"; };
		8B3A13171E10F454005DBC6E /* tag_mark@3x.png */ = {isa = PBXFileReference; lastKnownFileType = image.png; path = "tag_mark@3x.png"; sourceTree = "<group>"; };
		8B3A13181E10F454005DBC6E /* Tinnhan_button01 Copy.png */ = {isa = PBXFileReference; lastKnownFileType = image.png; path = "Tinnhan_button01 Copy.png"; sourceTree = "<group>"; };
		8B3A13191E10F454005DBC6E /* Tinnhan_button01 Copy@2x.png */ = {isa = PBXFileReference; lastKnownFileType = image.png; path = "Tinnhan_button01 Copy@2x.png"; sourceTree = "<group>"; };
		8B3A131A1E10F454005DBC6E /* Tinnhan_button01 Copy@3x.png */ = {isa = PBXFileReference; lastKnownFileType = image.png; path = "Tinnhan_button01 Copy@3x.png"; sourceTree = "<group>"; };
		8B3A131B1E10F454005DBC6E /* Tinnhan_button01.png */ = {isa = PBXFileReference; lastKnownFileType = image.png; path = Tinnhan_button01.png; sourceTree = "<group>"; };
		8B3A131C1E10F454005DBC6E /* Tinnhan_button01@2x.png */ = {isa = PBXFileReference; lastKnownFileType = image.png; path = "Tinnhan_button01@2x.png"; sourceTree = "<group>"; };
		8B3A131D1E10F454005DBC6E /* Tinnhan_button01@3x.png */ = {isa = PBXFileReference; lastKnownFileType = image.png; path = "Tinnhan_button01@3x.png"; sourceTree = "<group>"; };
		8B3A131F1E10F454005DBC6E /* CAPSPageMenu.swift */ = {isa = PBXFileReference; fileEncoding = 4; lastKnownFileType = sourcecode.swift; path = CAPSPageMenu.swift; sourceTree = "<group>"; };
		8B3A13201E10F454005DBC6E /* DatePickerDialog.swift */ = {isa = PBXFileReference; fileEncoding = 4; lastKnownFileType = sourcecode.swift; path = DatePickerDialog.swift; sourceTree = "<group>"; };
		8B3A13221E10F454005DBC6E /* DataEncryption.h */ = {isa = PBXFileReference; fileEncoding = 4; lastKnownFileType = sourcecode.c.h; path = DataEncryption.h; sourceTree = "<group>"; };
		8B3A13231E10F454005DBC6E /* DataEncryption.m */ = {isa = PBXFileReference; fileEncoding = 4; lastKnownFileType = sourcecode.c.objc; path = DataEncryption.m; sourceTree = "<group>"; };
		8B3A13241E10F454005DBC6E /* NSData+Base64.h */ = {isa = PBXFileReference; fileEncoding = 4; lastKnownFileType = sourcecode.c.h; path = "NSData+Base64.h"; sourceTree = "<group>"; };
		8B3A13251E10F454005DBC6E /* NSData+Base64.m */ = {isa = PBXFileReference; fileEncoding = 4; lastKnownFileType = sourcecode.c.objc; path = "NSData+Base64.m"; sourceTree = "<group>"; };
		8B3A13261E10F454005DBC6E /* NSString+URLEncode.h */ = {isa = PBXFileReference; fileEncoding = 4; lastKnownFileType = sourcecode.c.h; path = "NSString+URLEncode.h"; sourceTree = "<group>"; };
		8B3A13271E10F454005DBC6E /* NSString+URLEncode.m */ = {isa = PBXFileReference; fileEncoding = 4; lastKnownFileType = sourcecode.c.objc; path = "NSString+URLEncode.m"; sourceTree = "<group>"; };
		8B3A13291E10F454005DBC6E /* TPKeyboardAvoidingCollectionView.h */ = {isa = PBXFileReference; fileEncoding = 4; lastKnownFileType = sourcecode.c.h; path = TPKeyboardAvoidingCollectionView.h; sourceTree = "<group>"; };
		8B3A132A1E10F454005DBC6E /* TPKeyboardAvoidingCollectionView.m */ = {isa = PBXFileReference; fileEncoding = 4; lastKnownFileType = sourcecode.c.objc; path = TPKeyboardAvoidingCollectionView.m; sourceTree = "<group>"; };
		8B3A132B1E10F454005DBC6E /* TPKeyboardAvoidingScrollView.h */ = {isa = PBXFileReference; fileEncoding = 4; lastKnownFileType = sourcecode.c.h; path = TPKeyboardAvoidingScrollView.h; sourceTree = "<group>"; };
		8B3A132C1E10F454005DBC6E /* TPKeyboardAvoidingScrollView.m */ = {isa = PBXFileReference; fileEncoding = 4; lastKnownFileType = sourcecode.c.objc; path = TPKeyboardAvoidingScrollView.m; sourceTree = "<group>"; };
		8B3A132D1E10F454005DBC6E /* TPKeyboardAvoidingTableView.h */ = {isa = PBXFileReference; fileEncoding = 4; lastKnownFileType = sourcecode.c.h; path = TPKeyboardAvoidingTableView.h; sourceTree = "<group>"; };
		8B3A132E1E10F454005DBC6E /* TPKeyboardAvoidingTableView.m */ = {isa = PBXFileReference; fileEncoding = 4; lastKnownFileType = sourcecode.c.objc; path = TPKeyboardAvoidingTableView.m; sourceTree = "<group>"; };
		8B3A132F1E10F454005DBC6E /* UIScrollView+TPKeyboardAvoidingAdditions.h */ = {isa = PBXFileReference; fileEncoding = 4; lastKnownFileType = sourcecode.c.h; path = "UIScrollView+TPKeyboardAvoidingAdditions.h"; sourceTree = "<group>"; };
		8B3A13301E10F454005DBC6E /* UIScrollView+TPKeyboardAvoidingAdditions.m */ = {isa = PBXFileReference; fileEncoding = 4; lastKnownFileType = sourcecode.c.objc; path = "UIScrollView+TPKeyboardAvoidingAdditions.m"; sourceTree = "<group>"; };
		8B3A13341E10F454005DBC6E /* RAMBounceAnimation.swift */ = {isa = PBXFileReference; fileEncoding = 4; lastKnownFileType = sourcecode.swift; path = RAMBounceAnimation.swift; sourceTree = "<group>"; };
		8B3A13361E10F454005DBC6E /* RAMFrameItemAnimation.swift */ = {isa = PBXFileReference; fileEncoding = 4; lastKnownFileType = sourcecode.swift; path = RAMFrameItemAnimation.swift; sourceTree = "<group>"; };
		8B3A13381E10F454005DBC6E /* RAMFumeAnimation.swift */ = {isa = PBXFileReference; fileEncoding = 4; lastKnownFileType = sourcecode.swift; path = RAMFumeAnimation.swift; sourceTree = "<group>"; };
		8B3A133A1E10F454005DBC6E /* RAMRotationAnimation.swift */ = {isa = PBXFileReference; fileEncoding = 4; lastKnownFileType = sourcecode.swift; path = RAMRotationAnimation.swift; sourceTree = "<group>"; };
		8B3A133C1E10F454005DBC6E /* RAMTransitionItemAnimations.swift */ = {isa = PBXFileReference; fileEncoding = 4; lastKnownFileType = sourcecode.swift; path = RAMTransitionItemAnimations.swift; sourceTree = "<group>"; };
		8B3A133D1E10F454005DBC6E /* RAMAnimatedTabBarController.swift */ = {isa = PBXFileReference; fileEncoding = 4; lastKnownFileType = sourcecode.swift; path = RAMAnimatedTabBarController.swift; sourceTree = "<group>"; };
		8B3A133F1E10F454005DBC6E /* RAMBadge.swift */ = {isa = PBXFileReference; fileEncoding = 4; lastKnownFileType = sourcecode.swift; path = RAMBadge.swift; sourceTree = "<group>"; };
		8B3A13401E10F454005DBC6E /* RAMItemAnimationProtocol.swift */ = {isa = PBXFileReference; fileEncoding = 4; lastKnownFileType = sourcecode.swift; path = RAMItemAnimationProtocol.swift; sourceTree = "<group>"; };
		8B3A13801E10F46B005DBC6E /* Global.swift */ = {isa = PBXFileReference; fileEncoding = 4; lastKnownFileType = sourcecode.swift; path = Global.swift; sourceTree = "<group>"; };
		8B3A13821E10F484005DBC6E /* Podfile */ = {isa = PBXFileReference; fileEncoding = 4; lastKnownFileType = text; path = Podfile; sourceTree = "<group>"; xcLanguageSpecificationIdentifier = xcode.lang.ruby; };
		8B3A13851E10FD1B005DBC6E /* TagListViewController.swift */ = {isa = PBXFileReference; fileEncoding = 4; lastKnownFileType = sourcecode.swift; path = TagListViewController.swift; sourceTree = "<group>"; };
		8B3A13871E10FD2A005DBC6E /* UserViewController.swift */ = {isa = PBXFileReference; fileEncoding = 4; lastKnownFileType = sourcecode.swift; path = UserViewController.swift; sourceTree = "<group>"; };
		8B3A13891E10FD58005DBC6E /* QuestionViewController.swift */ = {isa = PBXFileReference; fileEncoding = 4; lastKnownFileType = sourcecode.swift; path = QuestionViewController.swift; sourceTree = "<group>"; };
		A6E4C2F51E10FC9200C2C871 /* HoiDap_Header.h */ = {isa = PBXFileReference; lastKnownFileType = sourcecode.c.h; path = HoiDap_Header.h; sourceTree = "<group>"; };
		A6E4C2F71E1102A500C2C871 /* RegisterViewController.swift */ = {isa = PBXFileReference; fileEncoding = 4; lastKnownFileType = sourcecode.swift; path = RegisterViewController.swift; sourceTree = "<group>"; };
		A6E4C2F91E1102BA00C2C871 /* User.storyboard */ = {isa = PBXFileReference; fileEncoding = 4; lastKnownFileType = file.storyboard; path = User.storyboard; sourceTree = "<group>"; };
		A6E9D88E1E1110CF00E31886 /* LoginViewController.swift */ = {isa = PBXFileReference; fileEncoding = 4; lastKnownFileType = sourcecode.swift; path = LoginViewController.swift; sourceTree = "<group>"; };
		A6E9D8901E11169600E31886 /* UpdateInfoViewController.swift */ = {isa = PBXFileReference; fileEncoding = 4; lastKnownFileType = sourcecode.swift; path = UpdateInfoViewController.swift; sourceTree = "<group>"; };
		A6E9D8921E111F3100E31886 /* Until.swift */ = {isa = PBXFileReference; fileEncoding = 4; lastKnownFileType = sourcecode.swift; path = Until.swift; sourceTree = "<group>"; };
		FDD88BA19051C23DD96B53FB /* Pods-CDYT_HoiDap.debug.xcconfig */ = {isa = PBXFileReference; includeInIndex = 1; lastKnownFileType = text.xcconfig; name = "Pods-CDYT_HoiDap.debug.xcconfig"; path = "Pods/Target Support Files/Pods-CDYT_HoiDap/Pods-CDYT_HoiDap.debug.xcconfig"; sourceTree = "<group>"; };
/* End PBXFileReference section */

/* Begin PBXFrameworksBuildPhase section */
		8B3A12D81E10F399005DBC6E /* Frameworks */ = {
			isa = PBXFrameworksBuildPhase;
			buildActionMask = 2147483647;
			files = (
				792444BAFCB405C2DBAC9872 /* Pods_CDYT_HoiDap.framework in Frameworks */,
			);
			runOnlyForDeploymentPostprocessing = 0;
		};
/* End PBXFrameworksBuildPhase section */

/* Begin PBXGroup section */
		2E6EC2FF9E2B31F4C0E029F7 /* Frameworks */ = {
			isa = PBXGroup;
			children = (
				4D86E9DE2E99A1F3DDE9BCDD /* Pods_CDYT_HoiDap.framework */,
			);
			name = Frameworks;
			sourceTree = "<group>";
		};
		8B3A12D21E10F399005DBC6E = {
			isa = PBXGroup;
			children = (
				A6E4C2F51E10FC9200C2C871 /* HoiDap_Header.h */,
				8B3A13821E10F484005DBC6E /* Podfile */,
				8B3A12DD1E10F399005DBC6E /* CDYT_HoiDap */,
				8B3A12DC1E10F399005DBC6E /* Products */,
				9709AA8D06A12926790E0992 /* Pods */,
				2E6EC2FF9E2B31F4C0E029F7 /* Frameworks */,
			);
			sourceTree = "<group>";
		};
		8B3A12DC1E10F399005DBC6E /* Products */ = {
			isa = PBXGroup;
			children = (
				8B3A12DB1E10F399005DBC6E /* CDYT_HoiDap.app */,
			);
			name = Products;
			sourceTree = "<group>";
		};
		8B3A12DD1E10F399005DBC6E /* CDYT_HoiDap */ = {
			isa = PBXGroup;
			children = (
				8B3A13841E10FCB6005DBC6E /* ViewController */,
				8B3A137F1E10F46B005DBC6E /* Helper */,
				8B3A12F01E10F454005DBC6E /* Images */,
				8B3A131E1E10F454005DBC6E /* Libaries */,
				8B3A12DE1E10F399005DBC6E /* AppDelegate.swift */,
				8B3A12E01E10F399005DBC6E /* ViewController.swift */,
				8B3A12E21E10F399005DBC6E /* Main.storyboard */,
				8B3A12E51E10F399005DBC6E /* Assets.xcassets */,
				8B3A12E71E10F399005DBC6E /* LaunchScreen.storyboard */,
				8B3A12EA1E10F399005DBC6E /* Info.plist */,
			);
			path = CDYT_HoiDap;
			sourceTree = "<group>";
		};
		8B3A12F01E10F454005DBC6E /* Images */ = {
			isa = PBXGroup;
			children = (
				8B3A12F11E10F454005DBC6E /* AvaDefaut.png */,
				8B3A12F21E10F454005DBC6E /* AvaDefaut@2x.png */,
				8B3A12F31E10F454005DBC6E /* AvaDefaut@3x.png */,
				8B3A12F41E10F454005DBC6E /* Back.png */,
				8B3A12F51E10F454005DBC6E /* Back@2x.png */,
				8B3A12F61E10F454005DBC6E /* Back@3x.png */,
				8B3A12F71E10F454005DBC6E /* caidat_button0.png */,
				8B3A12F81E10F454005DBC6E /* caidat_button0@2x.png */,
				8B3A12F91E10F454005DBC6E /* caidat_button0@3x.png */,
				8B3A12FA1E10F454005DBC6E /* copyright.png */,
				8B3A12FB1E10F454005DBC6E /* copyright@2x.png */,
				8B3A12FC1E10F454005DBC6E /* copyright@3x.png */,
				8B3A12FD1E10F454005DBC6E /* DaHoi_Button0.png */,
				8B3A12FE1E10F454005DBC6E /* DaHoi_Button0@2x.png */,
				8B3A12FF1E10F454005DBC6E /* DaHoi_Button0@3x.png */,
				8B3A13001E10F454005DBC6E /* Green_Mark.png */,
				8B3A13011E10F454005DBC6E /* Green_Mark@2x.png */,
				8B3A13021E10F454005DBC6E /* Green_Mark@3x.png */,
				8B3A13031E10F454005DBC6E /* Grey_mark.png */,
				8B3A13041E10F454005DBC6E /* Grey_mark@2x.png */,
				8B3A13051E10F454005DBC6E /* Grey_mark@3x.png */,
				8B3A13061E10F454005DBC6E /* Like0.png */,
				8B3A13071E10F454005DBC6E /* Like0@2x.png */,
				8B3A13081E10F454005DBC6E /* Like0@3x.png */,
				8B3A13091E10F454005DBC6E /* Like1.png */,
				8B3A130A1E10F454005DBC6E /* Like1@2x.png */,
				8B3A130B1E10F454005DBC6E /* Like1@3x.png */,
				8B3A130C1E10F454005DBC6E /* photo-camera.png */,
				8B3A130D1E10F454005DBC6E /* photo-camera@2x.png */,
				8B3A130E1E10F454005DBC6E /* photo-camera@3x.png */,
				8B3A130F1E10F454005DBC6E /* Splash.png */,
				8B3A13101E10F454005DBC6E /* Splash@2x.png */,
				8B3A13111E10F454005DBC6E /* Splash@3x.png */,
				8B3A13121E10F454005DBC6E /* star1.png */,
				8B3A13131E10F454005DBC6E /* star1@2x.png */,
				8B3A13141E10F454005DBC6E /* star1@3x.png */,
				8B3A13151E10F454005DBC6E /* tag_mark.png */,
				8B3A13161E10F454005DBC6E /* tag_mark@2x.png */,
				8B3A13171E10F454005DBC6E /* tag_mark@3x.png */,
				8B3A13181E10F454005DBC6E /* Tinnhan_button01 Copy.png */,
				8B3A13191E10F454005DBC6E /* Tinnhan_button01 Copy@2x.png */,
				8B3A131A1E10F454005DBC6E /* Tinnhan_button01 Copy@3x.png */,
				8B3A131B1E10F454005DBC6E /* Tinnhan_button01.png */,
				8B3A131C1E10F454005DBC6E /* Tinnhan_button01@2x.png */,
				8B3A131D1E10F454005DBC6E /* Tinnhan_button01@3x.png */,
			);
			path = Images;
			sourceTree = "<group>";
		};
		8B3A131E1E10F454005DBC6E /* Libaries */ = {
			isa = PBXGroup;
			children = (
				8B3A131F1E10F454005DBC6E /* CAPSPageMenu.swift */,
				8B3A13201E10F454005DBC6E /* DatePickerDialog.swift */,
				8B3A13211E10F454005DBC6E /* Encription */,
				8B3A13281E10F454005DBC6E /* KeyBoard */,
				8B3A13311E10F454005DBC6E /* RAMAnimatedTabBarController */,
			);
			path = Libaries;
			sourceTree = "<group>";
		};
		8B3A13211E10F454005DBC6E /* Encription */ = {
			isa = PBXGroup;
			children = (
				8B3A13221E10F454005DBC6E /* DataEncryption.h */,
				8B3A13231E10F454005DBC6E /* DataEncryption.m */,
				8B3A13241E10F454005DBC6E /* NSData+Base64.h */,
				8B3A13251E10F454005DBC6E /* NSData+Base64.m */,
				8B3A13261E10F454005DBC6E /* NSString+URLEncode.h */,
				8B3A13271E10F454005DBC6E /* NSString+URLEncode.m */,
			);
			path = Encription;
			sourceTree = "<group>";
		};
		8B3A13281E10F454005DBC6E /* KeyBoard */ = {
			isa = PBXGroup;
			children = (
				8B3A13291E10F454005DBC6E /* TPKeyboardAvoidingCollectionView.h */,
				8B3A132A1E10F454005DBC6E /* TPKeyboardAvoidingCollectionView.m */,
				8B3A132B1E10F454005DBC6E /* TPKeyboardAvoidingScrollView.h */,
				8B3A132C1E10F454005DBC6E /* TPKeyboardAvoidingScrollView.m */,
				8B3A132D1E10F454005DBC6E /* TPKeyboardAvoidingTableView.h */,
				8B3A132E1E10F454005DBC6E /* TPKeyboardAvoidingTableView.m */,
				8B3A132F1E10F454005DBC6E /* UIScrollView+TPKeyboardAvoidingAdditions.h */,
				8B3A13301E10F454005DBC6E /* UIScrollView+TPKeyboardAvoidingAdditions.m */,
			);
			path = KeyBoard;
			sourceTree = "<group>";
		};
		8B3A13311E10F454005DBC6E /* RAMAnimatedTabBarController */ = {
			isa = PBXGroup;
			children = (
				8B3A13321E10F454005DBC6E /* Animations */,
				8B3A133D1E10F454005DBC6E /* RAMAnimatedTabBarController.swift */,
				8B3A133E1E10F454005DBC6E /* RAMBadge */,
				8B3A13401E10F454005DBC6E /* RAMItemAnimationProtocol.swift */,
			);
			path = RAMAnimatedTabBarController;
			sourceTree = "<group>";
		};
		8B3A13321E10F454005DBC6E /* Animations */ = {
			isa = PBXGroup;
			children = (
				8B3A13331E10F454005DBC6E /* BounceAnimation */,
				8B3A13351E10F454005DBC6E /* FrameAnimation */,
				8B3A13371E10F454005DBC6E /* FumeAnimation */,
				8B3A13391E10F454005DBC6E /* RotationAnimation */,
				8B3A133B1E10F454005DBC6E /* TransitionAniamtions */,
			);
			path = Animations;
			sourceTree = "<group>";
		};
		8B3A13331E10F454005DBC6E /* BounceAnimation */ = {
			isa = PBXGroup;
			children = (
				8B3A13341E10F454005DBC6E /* RAMBounceAnimation.swift */,
			);
			path = BounceAnimation;
			sourceTree = "<group>";
		};
		8B3A13351E10F454005DBC6E /* FrameAnimation */ = {
			isa = PBXGroup;
			children = (
				8B3A13361E10F454005DBC6E /* RAMFrameItemAnimation.swift */,
			);
			path = FrameAnimation;
			sourceTree = "<group>";
		};
		8B3A13371E10F454005DBC6E /* FumeAnimation */ = {
			isa = PBXGroup;
			children = (
				8B3A13381E10F454005DBC6E /* RAMFumeAnimation.swift */,
			);
			path = FumeAnimation;
			sourceTree = "<group>";
		};
		8B3A13391E10F454005DBC6E /* RotationAnimation */ = {
			isa = PBXGroup;
			children = (
				8B3A133A1E10F454005DBC6E /* RAMRotationAnimation.swift */,
			);
			path = RotationAnimation;
			sourceTree = "<group>";
		};
		8B3A133B1E10F454005DBC6E /* TransitionAniamtions */ = {
			isa = PBXGroup;
			children = (
				8B3A133C1E10F454005DBC6E /* RAMTransitionItemAnimations.swift */,
			);
			path = TransitionAniamtions;
			sourceTree = "<group>";
		};
		8B3A133E1E10F454005DBC6E /* RAMBadge */ = {
			isa = PBXGroup;
			children = (
				8B3A133F1E10F454005DBC6E /* RAMBadge.swift */,
			);
			path = RAMBadge;
			sourceTree = "<group>";
		};
		8B3A137F1E10F46B005DBC6E /* Helper */ = {
			isa = PBXGroup;
			children = (
				A6E9D8921E111F3100E31886 /* Until.swift */,
				8B3A13801E10F46B005DBC6E /* Global.swift */,
			);
			path = Helper;
			sourceTree = "<group>";
		};
		8B3A13841E10FCB6005DBC6E /* ViewController */ = {
			isa = PBXGroup;
			children = (
				8B3A138D1E111FA5005DBC6E /* Cell */,
				A6E4C2F61E11022B00C2C871 /* User */,
				8B3A13851E10FD1B005DBC6E /* TagListViewController.swift */,
				8B3A13871E10FD2A005DBC6E /* UserViewController.swift */,
				8B3A13891E10FD58005DBC6E /* QuestionViewController.swift */,
			);
			path = ViewController;
			sourceTree = "<group>";
		};
		8B3A138D1E111FA5005DBC6E /* Cell */ = {
			isa = PBXGroup;
			children = (
			);
			path = Cell;
			sourceTree = "<group>";
		};
		9709AA8D06A12926790E0992 /* Pods */ = {
			isa = PBXGroup;
			children = (
				FDD88BA19051C23DD96B53FB /* Pods-CDYT_HoiDap.debug.xcconfig */,
				54350AF3B96C58CE38450098 /* Pods-CDYT_HoiDap.release.xcconfig */,
			);
			name = Pods;
			sourceTree = "<group>";
		};
		A6E4C2F61E11022B00C2C871 /* User */ = {
			isa = PBXGroup;
			children = (
				A6E4C2F71E1102A500C2C871 /* RegisterViewController.swift */,
				A6E9D88E1E1110CF00E31886 /* LoginViewController.swift */,
				A6E9D8901E11169600E31886 /* UpdateInfoViewController.swift */,
				A6E4C2F91E1102BA00C2C871 /* User.storyboard */,
			);
			path = User;
			sourceTree = "<group>";
		};
/* End PBXGroup section */

/* Begin PBXNativeTarget section */
		8B3A12DA1E10F399005DBC6E /* CDYT_HoiDap */ = {
			isa = PBXNativeTarget;
			buildConfigurationList = 8B3A12ED1E10F399005DBC6E /* Build configuration list for PBXNativeTarget "CDYT_HoiDap" */;
			buildPhases = (
				88F0706B80FEFD5088987714 /* [CP] Check Pods Manifest.lock */,
				8B3A12D71E10F399005DBC6E /* Sources */,
				8B3A12D81E10F399005DBC6E /* Frameworks */,
				8B3A12D91E10F399005DBC6E /* Resources */,
				5EAA3DB2E2AF164460536099 /* [CP] Embed Pods Frameworks */,
				9359421395374DDFA61FDFD1 /* [CP] Copy Pods Resources */,
			);
			buildRules = (
			);
			dependencies = (
			);
			name = CDYT_HoiDap;
			productName = CDYT_HoiDap;
			productReference = 8B3A12DB1E10F399005DBC6E /* CDYT_HoiDap.app */;
			productType = "com.apple.product-type.application";
		};
/* End PBXNativeTarget section */

/* Begin PBXProject section */
		8B3A12D31E10F399005DBC6E /* Project object */ = {
			isa = PBXProject;
			attributes = {
				LastSwiftUpdateCheck = 0810;
				LastUpgradeCheck = 0810;
				ORGANIZATIONNAME = CDYT;
				TargetAttributes = {
					8B3A12DA1E10F399005DBC6E = {
						CreatedOnToolsVersion = 8.1;
						DevelopmentTeam = BY2N2SG836;
						ProvisioningStyle = Automatic;
					};
				};
			};
			buildConfigurationList = 8B3A12D61E10F399005DBC6E /* Build configuration list for PBXProject "CDYT_HoiDap" */;
			compatibilityVersion = "Xcode 3.2";
			developmentRegion = English;
			hasScannedForEncodings = 0;
			knownRegions = (
				en,
				Base,
			);
			mainGroup = 8B3A12D21E10F399005DBC6E;
			productRefGroup = 8B3A12DC1E10F399005DBC6E /* Products */;
			projectDirPath = "";
			projectRoot = "";
			targets = (
				8B3A12DA1E10F399005DBC6E /* CDYT_HoiDap */,
			);
		};
/* End PBXProject section */

/* Begin PBXResourcesBuildPhase section */
		8B3A12D91E10F399005DBC6E /* Resources */ = {
			isa = PBXResourcesBuildPhase;
			buildActionMask = 2147483647;
			files = (
				8B3A13691E10F454005DBC6E /* Tinnhan_button01 Copy@2x.png in Resources */,
				8B3A13421E10F454005DBC6E /* AvaDefaut@2x.png in Resources */,
				8B3A134A1E10F454005DBC6E /* copyright.png in Resources */,
				8B3A13481E10F454005DBC6E /* caidat_button0@2x.png in Resources */,
				8B3A13671E10F454005DBC6E /* tag_mark@3x.png in Resources */,
				8B3A13461E10F454005DBC6E /* Back@3x.png in Resources */,
				8B3A13581E10F454005DBC6E /* Like0@3x.png in Resources */,
				8B3A13641E10F454005DBC6E /* star1@3x.png in Resources */,
				8B3A134D1E10F454005DBC6E /* DaHoi_Button0.png in Resources */,
				8B3A13501E10F454005DBC6E /* Green_Mark.png in Resources */,
				8B3A135E1E10F454005DBC6E /* photo-camera@3x.png in Resources */,
				8B3A136B1E10F454005DBC6E /* Tinnhan_button01.png in Resources */,
				8B3A13571E10F454005DBC6E /* Like0@2x.png in Resources */,
				8B3A134E1E10F454005DBC6E /* DaHoi_Button0@2x.png in Resources */,
				8B3A135C1E10F454005DBC6E /* photo-camera.png in Resources */,
				8B3A13451E10F454005DBC6E /* Back@2x.png in Resources */,
				8B3A13561E10F454005DBC6E /* Like0.png in Resources */,
				8B3A136D1E10F454005DBC6E /* Tinnhan_button01@3x.png in Resources */,
				8B3A13441E10F454005DBC6E /* Back.png in Resources */,
				8B3A13831E10F484005DBC6E /* Podfile in Resources */,
				8B3A134B1E10F454005DBC6E /* copyright@2x.png in Resources */,
				8B3A12E91E10F399005DBC6E /* LaunchScreen.storyboard in Resources */,
				8B3A135F1E10F454005DBC6E /* Splash.png in Resources */,
				8B3A13681E10F454005DBC6E /* Tinnhan_button01 Copy.png in Resources */,
				8B3A13411E10F454005DBC6E /* AvaDefaut.png in Resources */,
				8B3A136C1E10F454005DBC6E /* Tinnhan_button01@2x.png in Resources */,
				8B3A13631E10F454005DBC6E /* star1@2x.png in Resources */,
				8B3A135D1E10F454005DBC6E /* photo-camera@2x.png in Resources */,
				8B3A13651E10F454005DBC6E /* tag_mark.png in Resources */,
				8B3A13601E10F454005DBC6E /* Splash@2x.png in Resources */,
				8B3A13471E10F454005DBC6E /* caidat_button0.png in Resources */,
				A6E4C2FA1E1102BA00C2C871 /* User.storyboard in Resources */,
				8B3A135B1E10F454005DBC6E /* Like1@3x.png in Resources */,
				8B3A13531E10F454005DBC6E /* Grey_mark.png in Resources */,
				8B3A13511E10F454005DBC6E /* Green_Mark@2x.png in Resources */,
				8B3A13591E10F454005DBC6E /* Like1.png in Resources */,
				8B3A135A1E10F454005DBC6E /* Like1@2x.png in Resources */,
				8B3A13541E10F454005DBC6E /* Grey_mark@2x.png in Resources */,
				8B3A13661E10F454005DBC6E /* tag_mark@2x.png in Resources */,
				8B3A13491E10F454005DBC6E /* caidat_button0@3x.png in Resources */,
				8B3A136A1E10F454005DBC6E /* Tinnhan_button01 Copy@3x.png in Resources */,
				8B3A13431E10F454005DBC6E /* AvaDefaut@3x.png in Resources */,
				8B3A13621E10F454005DBC6E /* star1.png in Resources */,
				8B3A13521E10F454005DBC6E /* Green_Mark@3x.png in Resources */,
				8B3A13611E10F454005DBC6E /* Splash@3x.png in Resources */,
				8B3A134C1E10F454005DBC6E /* copyright@3x.png in Resources */,
				8B3A12E61E10F399005DBC6E /* Assets.xcassets in Resources */,
				8B3A134F1E10F454005DBC6E /* DaHoi_Button0@3x.png in Resources */,
				8B3A12E41E10F399005DBC6E /* Main.storyboard in Resources */,
				8B3A13551E10F454005DBC6E /* Grey_mark@3x.png in Resources */,
			);
			runOnlyForDeploymentPostprocessing = 0;
		};
/* End PBXResourcesBuildPhase section */

/* Begin PBXShellScriptBuildPhase section */
		5EAA3DB2E2AF164460536099 /* [CP] Embed Pods Frameworks */ = {
			isa = PBXShellScriptBuildPhase;
			buildActionMask = 2147483647;
			files = (
			);
			inputPaths = (
			);
			name = "[CP] Embed Pods Frameworks";
			outputPaths = (
			);
			runOnlyForDeploymentPostprocessing = 0;
			shellPath = /bin/sh;
			shellScript = "\"${SRCROOT}/Pods/Target Support Files/Pods-CDYT_HoiDap/Pods-CDYT_HoiDap-frameworks.sh\"\n";
			showEnvVarsInLog = 0;
		};
		88F0706B80FEFD5088987714 /* [CP] Check Pods Manifest.lock */ = {
			isa = PBXShellScriptBuildPhase;
			buildActionMask = 2147483647;
			files = (
			);
			inputPaths = (
			);
			name = "[CP] Check Pods Manifest.lock";
			outputPaths = (
			);
			runOnlyForDeploymentPostprocessing = 0;
			shellPath = /bin/sh;
			shellScript = "diff \"${PODS_ROOT}/../Podfile.lock\" \"${PODS_ROOT}/Manifest.lock\" > /dev/null\nif [ $? != 0 ] ; then\n    # print error to STDERR\n    echo \"error: The sandbox is not in sync with the Podfile.lock. Run 'pod install' or update your CocoaPods installation.\" >&2\n    exit 1\nfi\n";
			showEnvVarsInLog = 0;
		};
		9359421395374DDFA61FDFD1 /* [CP] Copy Pods Resources */ = {
			isa = PBXShellScriptBuildPhase;
			buildActionMask = 2147483647;
			files = (
			);
			inputPaths = (
			);
			name = "[CP] Copy Pods Resources";
			outputPaths = (
			);
			runOnlyForDeploymentPostprocessing = 0;
			shellPath = /bin/sh;
			shellScript = "\"${SRCROOT}/Pods/Target Support Files/Pods-CDYT_HoiDap/Pods-CDYT_HoiDap-resources.sh\"\n";
			showEnvVarsInLog = 0;
		};
/* End PBXShellScriptBuildPhase section */

/* Begin PBXSourcesBuildPhase section */
		8B3A12D71E10F399005DBC6E /* Sources */ = {
			isa = PBXSourcesBuildPhase;
			buildActionMask = 2147483647;
			files = (
				8B3A13701E10F454005DBC6E /* DataEncryption.m in Sources */,
				8B3A13751E10F454005DBC6E /* TPKeyboardAvoidingTableView.m in Sources */,
				8B3A12E11E10F399005DBC6E /* ViewController.swift in Sources */,
				A6E4C2F81E1102A500C2C871 /* RegisterViewController.swift in Sources */,
				8B3A13881E10FD2A005DBC6E /* UserViewController.swift in Sources */,
				8B3A13771E10F454005DBC6E /* RAMBounceAnimation.swift in Sources */,
				A6E9D8931E111F3100E31886 /* Until.swift in Sources */,
				8B3A137D1E10F454005DBC6E /* RAMBadge.swift in Sources */,
				8B3A138A1E10FD58005DBC6E /* QuestionViewController.swift in Sources */,
				8B3A13731E10F454005DBC6E /* TPKeyboardAvoidingCollectionView.m in Sources */,
				8B3A13781E10F454005DBC6E /* RAMFrameItemAnimation.swift in Sources */,
				8B3A136F1E10F454005DBC6E /* DatePickerDialog.swift in Sources */,
				A6E9D8911E11169600E31886 /* UpdateInfoViewController.swift in Sources */,
				8B3A13811E10F46B005DBC6E /* Global.swift in Sources */,
				8B3A137C1E10F454005DBC6E /* RAMAnimatedTabBarController.swift in Sources */,
				A6E9D88F1E1110CF00E31886 /* LoginViewController.swift in Sources */,
				8B3A13761E10F454005DBC6E /* UIScrollView+TPKeyboardAvoidingAdditions.m in Sources */,
				8B3A13791E10F454005DBC6E /* RAMFumeAnimation.swift in Sources */,
				8B3A13861E10FD1B005DBC6E /* TagListViewController.swift in Sources */,
				8B3A13721E10F454005DBC6E /* NSString+URLEncode.m in Sources */,
				8B3A12DF1E10F399005DBC6E /* AppDelegate.swift in Sources */,
				8B3A137B1E10F454005DBC6E /* RAMTransitionItemAnimations.swift in Sources */,
				8B3A13741E10F454005DBC6E /* TPKeyboardAvoidingScrollView.m in Sources */,
				8B3A136E1E10F454005DBC6E /* CAPSPageMenu.swift in Sources */,
				8B3A13711E10F454005DBC6E /* NSData+Base64.m in Sources */,
				8B3A137A1E10F454005DBC6E /* RAMRotationAnimation.swift in Sources */,
				8B3A137E1E10F454005DBC6E /* RAMItemAnimationProtocol.swift in Sources */,
			);
			runOnlyForDeploymentPostprocessing = 0;
		};
/* End PBXSourcesBuildPhase section */

/* Begin PBXVariantGroup section */
		8B3A12E21E10F399005DBC6E /* Main.storyboard */ = {
			isa = PBXVariantGroup;
			children = (
				8B3A12E31E10F399005DBC6E /* Base */,
			);
			name = Main.storyboard;
			sourceTree = "<group>";
		};
		8B3A12E71E10F399005DBC6E /* LaunchScreen.storyboard */ = {
			isa = PBXVariantGroup;
			children = (
				8B3A12E81E10F399005DBC6E /* Base */,
			);
			name = LaunchScreen.storyboard;
			sourceTree = "<group>";
		};
/* End PBXVariantGroup section */

/* Begin XCBuildConfiguration section */
		8B3A12EB1E10F399005DBC6E /* Debug */ = {
			isa = XCBuildConfiguration;
			buildSettings = {
				ALWAYS_SEARCH_USER_PATHS = NO;
				CLANG_ANALYZER_NONNULL = YES;
				CLANG_CXX_LANGUAGE_STANDARD = "gnu++0x";
				CLANG_CXX_LIBRARY = "libc++";
				CLANG_ENABLE_MODULES = YES;
				CLANG_ENABLE_OBJC_ARC = YES;
				CLANG_WARN_BOOL_CONVERSION = YES;
				CLANG_WARN_CONSTANT_CONVERSION = YES;
				CLANG_WARN_DIRECT_OBJC_ISA_USAGE = YES_ERROR;
				CLANG_WARN_DOCUMENTATION_COMMENTS = YES;
				CLANG_WARN_EMPTY_BODY = YES;
				CLANG_WARN_ENUM_CONVERSION = YES;
				CLANG_WARN_INFINITE_RECURSION = YES;
				CLANG_WARN_INT_CONVERSION = YES;
				CLANG_WARN_OBJC_ROOT_CLASS = YES_ERROR;
				CLANG_WARN_SUSPICIOUS_MOVES = YES;
				CLANG_WARN_UNREACHABLE_CODE = YES;
				CLANG_WARN__DUPLICATE_METHOD_MATCH = YES;
				"CODE_SIGN_IDENTITY[sdk=iphoneos*]" = "iPhone Developer";
				COPY_PHASE_STRIP = NO;
				DEBUG_INFORMATION_FORMAT = dwarf;
				ENABLE_STRICT_OBJC_MSGSEND = YES;
				ENABLE_TESTABILITY = YES;
				GCC_C_LANGUAGE_STANDARD = gnu99;
				GCC_DYNAMIC_NO_PIC = NO;
				GCC_NO_COMMON_BLOCKS = YES;
				GCC_OPTIMIZATION_LEVEL = 0;
				GCC_PREPROCESSOR_DEFINITIONS = (
					"DEBUG=1",
					"$(inherited)",
				);
				GCC_WARN_64_TO_32_BIT_CONVERSION = YES;
				GCC_WARN_ABOUT_RETURN_TYPE = YES_ERROR;
				GCC_WARN_UNDECLARED_SELECTOR = YES;
				GCC_WARN_UNINITIALIZED_AUTOS = YES_AGGRESSIVE;
				GCC_WARN_UNUSED_FUNCTION = YES;
				GCC_WARN_UNUSED_VARIABLE = YES;
				IPHONEOS_DEPLOYMENT_TARGET = 10.1;
				MTL_ENABLE_DEBUG_INFO = YES;
				ONLY_ACTIVE_ARCH = YES;
				SDKROOT = iphoneos;
				SWIFT_ACTIVE_COMPILATION_CONDITIONS = DEBUG;
				SWIFT_OPTIMIZATION_LEVEL = "-Onone";
			};
			name = Debug;
		};
		8B3A12EC1E10F399005DBC6E /* Release */ = {
			isa = XCBuildConfiguration;
			buildSettings = {
				ALWAYS_SEARCH_USER_PATHS = NO;
				CLANG_ANALYZER_NONNULL = YES;
				CLANG_CXX_LANGUAGE_STANDARD = "gnu++0x";
				CLANG_CXX_LIBRARY = "libc++";
				CLANG_ENABLE_MODULES = YES;
				CLANG_ENABLE_OBJC_ARC = YES;
				CLANG_WARN_BOOL_CONVERSION = YES;
				CLANG_WARN_CONSTANT_CONVERSION = YES;
				CLANG_WARN_DIRECT_OBJC_ISA_USAGE = YES_ERROR;
				CLANG_WARN_DOCUMENTATION_COMMENTS = YES;
				CLANG_WARN_EMPTY_BODY = YES;
				CLANG_WARN_ENUM_CONVERSION = YES;
				CLANG_WARN_INFINITE_RECURSION = YES;
				CLANG_WARN_INT_CONVERSION = YES;
				CLANG_WARN_OBJC_ROOT_CLASS = YES_ERROR;
				CLANG_WARN_SUSPICIOUS_MOVES = YES;
				CLANG_WARN_UNREACHABLE_CODE = YES;
				CLANG_WARN__DUPLICATE_METHOD_MATCH = YES;
				"CODE_SIGN_IDENTITY[sdk=iphoneos*]" = "iPhone Developer";
				COPY_PHASE_STRIP = NO;
				DEBUG_INFORMATION_FORMAT = "dwarf-with-dsym";
				ENABLE_NS_ASSERTIONS = NO;
				ENABLE_STRICT_OBJC_MSGSEND = YES;
				GCC_C_LANGUAGE_STANDARD = gnu99;
				GCC_NO_COMMON_BLOCKS = YES;
				GCC_WARN_64_TO_32_BIT_CONVERSION = YES;
				GCC_WARN_ABOUT_RETURN_TYPE = YES_ERROR;
				GCC_WARN_UNDECLARED_SELECTOR = YES;
				GCC_WARN_UNINITIALIZED_AUTOS = YES_AGGRESSIVE;
				GCC_WARN_UNUSED_FUNCTION = YES;
				GCC_WARN_UNUSED_VARIABLE = YES;
				IPHONEOS_DEPLOYMENT_TARGET = 10.1;
				MTL_ENABLE_DEBUG_INFO = NO;
				SDKROOT = iphoneos;
				SWIFT_OPTIMIZATION_LEVEL = "-Owholemodule";
				VALIDATE_PRODUCT = YES;
			};
			name = Release;
		};
		8B3A12EE1E10F399005DBC6E /* Debug */ = {
			isa = XCBuildConfiguration;
			baseConfigurationReference = FDD88BA19051C23DD96B53FB /* Pods-CDYT_HoiDap.debug.xcconfig */;
			buildSettings = {
				ASSETCATALOG_COMPILER_APPICON_NAME = AppIcon;
				DEVELOPMENT_TEAM = BY2N2SG836;
				INFOPLIST_FILE = CDYT_HoiDap/Info.plist;
				IPHONEOS_DEPLOYMENT_TARGET = 8.0;
				LD_RUNPATH_SEARCH_PATHS = "$(inherited) @executable_path/Frameworks";
				PRODUCT_BUNDLE_IDENTIFIER = "com.isorasoft.CDYT-HoiDap";
				PRODUCT_NAME = "$(TARGET_NAME)";
				SWIFT_OBJC_BRIDGING_HEADER = HoiDap_Header.h;
				SWIFT_VERSION = 3.0;
			};
			name = Debug;
		};
		8B3A12EF1E10F399005DBC6E /* Release */ = {
			isa = XCBuildConfiguration;
			baseConfigurationReference = 54350AF3B96C58CE38450098 /* Pods-CDYT_HoiDap.release.xcconfig */;
			buildSettings = {
				ASSETCATALOG_COMPILER_APPICON_NAME = AppIcon;
				DEVELOPMENT_TEAM = BY2N2SG836;
				INFOPLIST_FILE = CDYT_HoiDap/Info.plist;
				IPHONEOS_DEPLOYMENT_TARGET = 8.0;
				LD_RUNPATH_SEARCH_PATHS = "$(inherited) @executable_path/Frameworks";
				PRODUCT_BUNDLE_IDENTIFIER = "com.isorasoft.CDYT-HoiDap";
				PRODUCT_NAME = "$(TARGET_NAME)";
				SWIFT_OBJC_BRIDGING_HEADER = HoiDap_Header.h;
				SWIFT_VERSION = 3.0;
			};
			name = Release;
		};
/* End XCBuildConfiguration section */

/* Begin XCConfigurationList section */
		8B3A12D61E10F399005DBC6E /* Build configuration list for PBXProject "CDYT_HoiDap" */ = {
			isa = XCConfigurationList;
			buildConfigurations = (
				8B3A12EB1E10F399005DBC6E /* Debug */,
				8B3A12EC1E10F399005DBC6E /* Release */,
			);
			defaultConfigurationIsVisible = 0;
			defaultConfigurationName = Release;
		};
		8B3A12ED1E10F399005DBC6E /* Build configuration list for PBXNativeTarget "CDYT_HoiDap" */ = {
			isa = XCConfigurationList;
			buildConfigurations = (
				8B3A12EE1E10F399005DBC6E /* Debug */,
				8B3A12EF1E10F399005DBC6E /* Release */,
			);
			defaultConfigurationIsVisible = 0;
			defaultConfigurationName = Release;
		};
/* End XCConfigurationList section */
	};
	rootObject = 8B3A12D31E10F399005DBC6E /* Project object */;
}
